
Microsoft Visual Studio Solution File, Format Version 12.00
# Visual Studio Version 16
VisualStudioVersion = 16.0.31702.278
MinimumVisualStudioVersion = 10.0.40219.1
Project("{FAE04EC0-301F-11D3-BF4B-00C04F79EFBC}") = "Mod.Utility.Npgsql.Logging", "Mod.Utility.Npgsql.Logging\Mod.Utility.Npgsql.Logging.csproj", "{5D56D484-22A5-49A3-9E8A-1C964DD9853D}"
EndProject
Project("{2150E333-8FDC-42A3-9474-1A3956D46DE8}") = "Documents", "Documents", "{0BF98796-6D3A-4D6F-8E62-BE02AA4385D4}"
	ProjectSection(SolutionItems) = preProject
		LICENSE = LICENSE
		README.md = README.md
	EndProjectSection
EndProject
Global
	GlobalSection(SolutionConfigurationPlatforms) = preSolution
		Debug|Any CPU = Debug|Any CPU
		Release|Any CPU = Release|Any CPU
	EndGlobalSection
	GlobalSection(ProjectConfigurationPlatforms) = postSolution
		{5D56D484-22A5-49A3-9E8A-1C964DD9853D}.Debug|Any CPU.ActiveCfg = Debug|Any CPU
		{5D56D484-22A5-49A3-9E8A-1C964DD9853D}.Debug|Any CPU.Build.0 = Debug|Any CPU
		{5D56D484-22A5-49A3-9E8A-1C964DD9853D}.Release|Any CPU.ActiveCfg = Release|Any CPU
		{5D56D484-22A5-49A3-9E8A-1C964DD9853D}.Release|Any CPU.Build.0 = Release|Any CPU
	EndGlobalSection
	GlobalSection(SolutionProperties) = preSolution
		HideSolutionNode = FALSE
	EndGlobalSection
	GlobalSection(ExtensibilityGlobals) = postSolution
		SolutionGuid = {7D637881-A3EC-4EA2-9165-4A0C1EC3D4CD}
	EndGlobalSection
EndGlobal
